// !$*UTF8*$!
{
	archiveVersion = 1;
	classes = {
	};
	objectVersion = 56;
	objects = {

/* Begin PBXBuildFile section */
		552C726E2A4E58FC00E2B682 /* AddAddressForm.swift in Sources */ = {isa = PBXBuildFile; fileRef = 552C726D2A4E58FC00E2B682 /* AddAddressForm.swift */; };
		5535F1DF2A36A034000279F6 /* SnowBackground.swift in Sources */ = {isa = PBXBuildFile; fileRef = 5535F1DB2A36A034000279F6 /* SnowBackground.swift */; };
		5535F1E02A36A034000279F6 /* snow.sks in Resources */ = {isa = PBXBuildFile; fileRef = 5535F1DC2A36A034000279F6 /* snow.sks */; };
		5535F1E12A36A034000279F6 /* Assets.xcassets in Resources */ = {isa = PBXBuildFile; fileRef = 5535F1DD2A36A034000279F6 /* Assets.xcassets */; };
		5535F1E22A36A034000279F6 /* SnowScene.swift in Sources */ = {isa = PBXBuildFile; fileRef = 5535F1DE2A36A034000279F6 /* SnowScene.swift */; };
		5535F1E52A36A409000279F6 /* LightsMapView.swift in Sources */ = {isa = PBXBuildFile; fileRef = 5535F1E42A36A409000279F6 /* LightsMapView.swift */; };
		553F99092A35133E00F7D4BD /* ChristmasvilleApp.swift in Sources */ = {isa = PBXBuildFile; fileRef = 553F99082A35133E00F7D4BD /* ChristmasvilleApp.swift */; };
		553F990D2A35133F00F7D4BD /* Assets.xcassets in Resources */ = {isa = PBXBuildFile; fileRef = 553F990C2A35133F00F7D4BD /* Assets.xcassets */; };
		553F99112A35133F00F7D4BD /* Preview Assets.xcassets in Resources */ = {isa = PBXBuildFile; fileRef = 553F99102A35133F00F7D4BD /* Preview Assets.xcassets */; };
		553F991B2A35133F00F7D4BD /* ChristmasvilleTests.swift in Sources */ = {isa = PBXBuildFile; fileRef = 553F991A2A35133F00F7D4BD /* ChristmasvilleTests.swift */; };
		553F99252A35133F00F7D4BD /* ChristmasvilleUITests.swift in Sources */ = {isa = PBXBuildFile; fileRef = 553F99242A35133F00F7D4BD /* ChristmasvilleUITests.swift */; };
		553F99272A35133F00F7D4BD /* ChristmasvilleUITestsLaunchTests.swift in Sources */ = {isa = PBXBuildFile; fileRef = 553F99262A35133F00F7D4BD /* ChristmasvilleUITestsLaunchTests.swift */; };
		5546CB7A2A64CCE60079D285 /* RepeatingPlayer.swift in Sources */ = {isa = PBXBuildFile; fileRef = 5546CB792A64CCE60079D285 /* RepeatingPlayer.swift */; };
		555D4C002A52004B00943DB8 /* ChristmasLightsLocation.swift in Sources */ = {isa = PBXBuildFile; fileRef = 555D4BFF2A52004B00943DB8 /* ChristmasLightsLocation.swift */; };
		555D62092A36825A00785A7C /* MainView.swift in Sources */ = {isa = PBXBuildFile; fileRef = 555D62082A36825A00785A7C /* MainView.swift */; };
		5562CAC02A59A566003E5DA9 /* Address.swift in Sources */ = {isa = PBXBuildFile; fileRef = 5562CABF2A59A566003E5DA9 /* Address.swift */; };
		5562CAC22A59A5F9003E5DA9 /* Coordinates.swift in Sources */ = {isa = PBXBuildFile; fileRef = 5562CAC12A59A5F9003E5DA9 /* Coordinates.swift */; };
		5562CAC52A59A671003E5DA9 /* ChristmasLightsHouseType.swift in Sources */ = {isa = PBXBuildFile; fileRef = 5562CAC42A59A671003E5DA9 /* ChristmasLightsHouseType.swift */; };
		5562CACB2A59F85A003E5DA9 /* RoundGreenButtonStyle.swift in Sources */ = {isa = PBXBuildFile; fileRef = 5562CACA2A59F85A003E5DA9 /* RoundGreenButtonStyle.swift */; };
		559A2D6D2A3938EF00DFA306 /* LocationManager.swift in Sources */ = {isa = PBXBuildFile; fileRef = 559A2D6C2A3938EF00DFA306 /* LocationManager.swift */; };
		559A2D742A3A904800DFA306 /* LocationServicesInitalPermissionView.swift in Sources */ = {isa = PBXBuildFile; fileRef = 559A2D732A3A904800DFA306 /* LocationServicesInitalPermissionView.swift */; };
		559A2D772A3A97CF00DFA306 /* PillButtonStyle.swift in Sources */ = {isa = PBXBuildFile; fileRef = 559A2D762A3A97CF00DFA306 /* PillButtonStyle.swift */; };
		55CA29182AA663BB003A5B1E /* ComingSoonView.swift in Sources */ = {isa = PBXBuildFile; fileRef = 55CA29172AA663BB003A5B1E /* ComingSoonView.swift */; };
		55CD21472AB7BFB700987391 /* Recipe.swift in Sources */ = {isa = PBXBuildFile; fileRef = 55CD21462AB7BFB700987391 /* Recipe.swift */; };
		55D4D9752A8AD720000DEC60 /* Bubble.swift in Sources */ = {isa = PBXBuildFile; fileRef = 55D4D9742A8AD720000DEC60 /* Bubble.swift */; };
		55D4D9772A8AD7A4000DEC60 /* BubbleShape.swift in Sources */ = {isa = PBXBuildFile; fileRef = 55D4D9762A8AD7A4000DEC60 /* BubbleShape.swift */; };
		55D4D9792A8AD84F000DEC60 /* UserBubble.swift in Sources */ = {isa = PBXBuildFile; fileRef = 55D4D9782A8AD84F000DEC60 /* UserBubble.swift */; };
		55D4D97B2A8ADA69000DEC60 /* SystemBubble.swift in Sources */ = {isa = PBXBuildFile; fileRef = 55D4D97A2A8ADA69000DEC60 /* SystemBubble.swift */; };
		55D4D97D2A8ADCE0000DEC60 /* TextEntryView.swift in Sources */ = {isa = PBXBuildFile; fileRef = 55D4D97C2A8ADCE0000DEC60 /* TextEntryView.swift */; };
		55D4D9802A8AE276000DEC60 /* MrsClauseKitchen.swift in Sources */ = {isa = PBXBuildFile; fileRef = 55D4D97F2A8AE276000DEC60 /* MrsClauseKitchen.swift */; };
		55E2A1F62A79F45600260F59 /* LightLocationLabel.swift in Sources */ = {isa = PBXBuildFile; fileRef = 55E2A1F52A79F45600260F59 /* LightLocationLabel.swift */; };
		55E2A1F82A7C80F000260F59 /* LocationProfileView.swift in Sources */ = {isa = PBXBuildFile; fileRef = 55E2A1F72A7C80F000260F59 /* LocationProfileView.swift */; };
		7F0CAE612C7A678100701F59 /* Christmasville.storekit in Resources */ = {isa = PBXBuildFile; fileRef = 7F0CAE602C7A678100701F59 /* Christmasville.storekit */; };
		7F0CAE632C7A67F300701F59 /* StoreKitTestCertificate.cer in Resources */ = {isa = PBXBuildFile; fileRef = 7F0CAE622C7A67F300701F59 /* StoreKitTestCertificate.cer */; };
		7F33B1C02BD9DD3C0011421E /* ChatManager.swift in Sources */ = {isa = PBXBuildFile; fileRef = 7F33B1BF2BD9DD3C0011421E /* ChatManager.swift */; };
		7F33B1C22BD9DD980011421E /* ChatMessage.swift in Sources */ = {isa = PBXBuildFile; fileRef = 7F33B1C12BD9DD980011421E /* ChatMessage.swift */; };
		7F33B1CD2BDB0CA50011421E /* ChatMessage.swift in Sources */ = {isa = PBXBuildFile; fileRef = 7F33B1C12BD9DD980011421E /* ChatMessage.swift */; };
		7F33B1CE2BDB0CA80011421E /* ChatMessage.swift in Sources */ = {isa = PBXBuildFile; fileRef = 7F33B1C12BD9DD980011421E /* ChatMessage.swift */; };
		7F35E11D2C0FD31600297037 /* SWEmptyPage.swift in Sources */ = {isa = PBXBuildFile; fileRef = 7F35E11C2C0FD31600297037 /* SWEmptyPage.swift */; };
		7F35E1202C0FD68F00297037 /* SantasWorkshop.swift in Sources */ = {isa = PBXBuildFile; fileRef = 7F35E11F2C0FD68F00297037 /* SantasWorkshop.swift */; };
		7F35E1252C0FFFA000297037 /* Giftee.swift in Sources */ = {isa = PBXBuildFile; fileRef = 7F35E1242C0FFFA000297037 /* Giftee.swift */; };
		7F35E1282C1008B800297037 /* EditGifteeView.swift in Sources */ = {isa = PBXBuildFile; fileRef = 7F35E1272C1008B800297037 /* EditGifteeView.swift */; };
		7F35E1292C100D6F00297037 /* Relation.swift in Sources */ = {isa = PBXBuildFile; fileRef = 7F35E1212C0FF6EE00297037 /* Relation.swift */; };
		7F42900F2C5EDF3D000CBE37 /* RevenueCat in Frameworks */ = {isa = PBXBuildFile; productRef = 7F42900E2C5EDF3D000CBE37 /* RevenueCat */; };
		7F4290112C5EDF3D000CBE37 /* RevenueCatUI in Frameworks */ = {isa = PBXBuildFile; productRef = 7F4290102C5EDF3D000CBE37 /* RevenueCatUI */; };
		7F4290142C5EDFB3000CBE37 /* StoreKit.framework in Frameworks */ = {isa = PBXBuildFile; fileRef = 7F4290132C5EDFB3000CBE37 /* StoreKit.framework */; };
		7F48ACF32BE85C7000EAD547 /* MrsClauseChat.swift in Sources */ = {isa = PBXBuildFile; fileRef = 7F48ACF22BE85C7000EAD547 /* MrsClauseChat.swift */; };
		7F5972042C210FBD00531724 /* GiftStatus.swift in Sources */ = {isa = PBXBuildFile; fileRef = 7F5972032C210FBD00531724 /* GiftStatus.swift */; };
		7F5972062C2110BE00531724 /* GifteeCard.swift in Sources */ = {isa = PBXBuildFile; fileRef = 7F5972052C2110BE00531724 /* GifteeCard.swift */; };
		7F5972912C2630C300531724 /* GifteeView.swift in Sources */ = {isa = PBXBuildFile; fileRef = 7F5972902C2630C300531724 /* GifteeView.swift */; };
		7F6125FC2C44811E0058DC11 /* GifteeChatSelection.swift in Sources */ = {isa = PBXBuildFile; fileRef = 7F6125FB2C44811E0058DC11 /* GifteeChatSelection.swift */; };
		7F6126002C44AD620058DC11 /* SnowHillsView.swift in Sources */ = {isa = PBXBuildFile; fileRef = 7F6125FF2C44AD600058DC11 /* SnowHillsView.swift */; };
		7F6126022C45E4290058DC11 /* MiniMapView.swift in Sources */ = {isa = PBXBuildFile; fileRef = 7F6126012C45E4290058DC11 /* MiniMapView.swift */; };
		7F6941CD2C63051D002A6965 /* SubscriptionManager.swift in Sources */ = {isa = PBXBuildFile; fileRef = 7F6941CC2C630516002A6965 /* SubscriptionManager.swift */; };
		7F95F9312C17C2E9006AE9FB /* CreateGifteeView.swift in Sources */ = {isa = PBXBuildFile; fileRef = 7F95F9302C17C2E9006AE9FB /* CreateGifteeView.swift */; };
		7F95F9332C1A7264006AE9FB /* NavigationTabs.swift in Sources */ = {isa = PBXBuildFile; fileRef = 7F95F9322C1A7264006AE9FB /* NavigationTabs.swift */; };
		7F95F9BE2C1CD619006AE9FB /* ChatView.swift in Sources */ = {isa = PBXBuildFile; fileRef = 7F95F9BD2C1CD619006AE9FB /* ChatView.swift */; };
		7F95F9C02C1CD668006AE9FB /* Bots.swift in Sources */ = {isa = PBXBuildFile; fileRef = 7F95F9BF2C1CD660006AE9FB /* Bots.swift */; };
		7F9EC5E52C572FCD006CDC4D /* FirebaseAnalytics in Frameworks */ = {isa = PBXBuildFile; productRef = 7F9EC5E42C572FCD006CDC4D /* FirebaseAnalytics */; };
		7F9EC5E72C572FCD006CDC4D /* FirebaseAppCheck in Frameworks */ = {isa = PBXBuildFile; productRef = 7F9EC5E62C572FCD006CDC4D /* FirebaseAppCheck */; };
		7F9EC5E92C572FCD006CDC4D /* FirebaseCrashlytics in Frameworks */ = {isa = PBXBuildFile; productRef = 7F9EC5E82C572FCD006CDC4D /* FirebaseCrashlytics */; };
		7F9EC5EB2C572FCD006CDC4D /* FirebaseVertexAI-Preview in Frameworks */ = {isa = PBXBuildFile; productRef = 7F9EC5EA2C572FCD006CDC4D /* FirebaseVertexAI-Preview */; };
		7F9EC5ED2C572FF2006CDC4D /* GoogleService-Info.plist in Resources */ = {isa = PBXBuildFile; fileRef = 7F9EC5EC2C572FF2006CDC4D /* GoogleService-Info.plist */; };
		EC29B5DF2ACBA1430032EE95 /* RecipeView.swift in Sources */ = {isa = PBXBuildFile; fileRef = EC29B5DE2ACBA1430032EE95 /* RecipeView.swift */; };
		EC2C137B2AEDA51D00A16DE2 /* CountdownView.swift in Sources */ = {isa = PBXBuildFile; fileRef = EC2C137A2AEDA51D00A16DE2 /* CountdownView.swift */; };
		EC69994C2AD0F28A009FB09C /* HomeView.swift in Sources */ = {isa = PBXBuildFile; fileRef = EC69994B2AD0F28A009FB09C /* HomeView.swift */; };
		EC69994E2AD0F5C3009FB09C /* SnowBackgroundModifier.swift in Sources */ = {isa = PBXBuildFile; fileRef = EC69994D2AD0F5C3009FB09C /* SnowBackgroundModifier.swift */; };
		ECEF5C0E2AC0CD85005A36F0 /* WavySquareShape.swift in Sources */ = {isa = PBXBuildFile; fileRef = ECEF5C0D2AC0CD85005A36F0 /* WavySquareShape.swift */; };
		ECEF5C112AC0E5A6005A36F0 /* NeumorphicBackground.swift in Sources */ = {isa = PBXBuildFile; fileRef = ECEF5C102AC0E5A6005A36F0 /* NeumorphicBackground.swift */; };
		ECEF5C132AC0E822005A36F0 /* MiniRecipeCard.swift in Sources */ = {isa = PBXBuildFile; fileRef = ECEF5C122AC0E822005A36F0 /* MiniRecipeCard.swift */; };
		ECEF5C152AC3C551005A36F0 /* FeaturedRecipeCard.swift in Sources */ = {isa = PBXBuildFile; fileRef = ECEF5C142AC3C550005A36F0 /* FeaturedRecipeCard.swift */; };
/* End PBXBuildFile section */

/* Begin PBXContainerItemProxy section */
		553F99172A35133F00F7D4BD /* PBXContainerItemProxy */ = {
			isa = PBXContainerItemProxy;
			containerPortal = 553F98FD2A35133E00F7D4BD /* Project object */;
			proxyType = 1;
			remoteGlobalIDString = 553F99042A35133E00F7D4BD;
			remoteInfo = Christmasville;
		};
		553F99212A35133F00F7D4BD /* PBXContainerItemProxy */ = {
			isa = PBXContainerItemProxy;
			containerPortal = 553F98FD2A35133E00F7D4BD /* Project object */;
			proxyType = 1;
			remoteGlobalIDString = 553F99042A35133E00F7D4BD;
			remoteInfo = Christmasville;
		};
/* End PBXContainerItemProxy section */

/* Begin PBXFileReference section */
		552C726D2A4E58FC00E2B682 /* AddAddressForm.swift */ = {isa = PBXFileReference; lastKnownFileType = sourcecode.swift; path = AddAddressForm.swift; sourceTree = "<group>"; };
		5535F1DB2A36A034000279F6 /* SnowBackground.swift */ = {isa = PBXFileReference; fileEncoding = 4; lastKnownFileType = sourcecode.swift; path = SnowBackground.swift; sourceTree = "<group>"; };
		5535F1DC2A36A034000279F6 /* snow.sks */ = {isa = PBXFileReference; lastKnownFileType = file.sks; path = snow.sks; sourceTree = "<group>"; };
		5535F1DD2A36A034000279F6 /* Assets.xcassets */ = {isa = PBXFileReference; lastKnownFileType = folder.assetcatalog; path = Assets.xcassets; sourceTree = "<group>"; };
		5535F1DE2A36A034000279F6 /* SnowScene.swift */ = {isa = PBXFileReference; fileEncoding = 4; lastKnownFileType = sourcecode.swift; path = SnowScene.swift; sourceTree = "<group>"; };
		5535F1E42A36A409000279F6 /* LightsMapView.swift */ = {isa = PBXFileReference; lastKnownFileType = sourcecode.swift; path = LightsMapView.swift; sourceTree = "<group>"; };
		553F99052A35133E00F7D4BD /* Christmasville.app */ = {isa = PBXFileReference; explicitFileType = wrapper.application; includeInIndex = 0; path = Christmasville.app; sourceTree = BUILT_PRODUCTS_DIR; };
		553F99082A35133E00F7D4BD /* ChristmasvilleApp.swift */ = {isa = PBXFileReference; lastKnownFileType = sourcecode.swift; path = ChristmasvilleApp.swift; sourceTree = "<group>"; };
		553F990C2A35133F00F7D4BD /* Assets.xcassets */ = {isa = PBXFileReference; lastKnownFileType = folder.assetcatalog; path = Assets.xcassets; sourceTree = "<group>"; };
		553F990E2A35133F00F7D4BD /* Christmasville.entitlements */ = {isa = PBXFileReference; lastKnownFileType = text.plist.entitlements; path = Christmasville.entitlements; sourceTree = "<group>"; };
		553F99102A35133F00F7D4BD /* Preview Assets.xcassets */ = {isa = PBXFileReference; lastKnownFileType = folder.assetcatalog; path = "Preview Assets.xcassets"; sourceTree = "<group>"; };
		553F99162A35133F00F7D4BD /* ChristmasvilleTests.xctest */ = {isa = PBXFileReference; explicitFileType = wrapper.cfbundle; includeInIndex = 0; path = ChristmasvilleTests.xctest; sourceTree = BUILT_PRODUCTS_DIR; };
		553F991A2A35133F00F7D4BD /* ChristmasvilleTests.swift */ = {isa = PBXFileReference; lastKnownFileType = sourcecode.swift; path = ChristmasvilleTests.swift; sourceTree = "<group>"; };
		553F99202A35133F00F7D4BD /* ChristmasvilleUITests.xctest */ = {isa = PBXFileReference; explicitFileType = wrapper.cfbundle; includeInIndex = 0; path = ChristmasvilleUITests.xctest; sourceTree = BUILT_PRODUCTS_DIR; };
		553F99242A35133F00F7D4BD /* ChristmasvilleUITests.swift */ = {isa = PBXFileReference; lastKnownFileType = sourcecode.swift; path = ChristmasvilleUITests.swift; sourceTree = "<group>"; };
		553F99262A35133F00F7D4BD /* ChristmasvilleUITestsLaunchTests.swift */ = {isa = PBXFileReference; lastKnownFileType = sourcecode.swift; path = ChristmasvilleUITestsLaunchTests.swift; sourceTree = "<group>"; };
		5546CB792A64CCE60079D285 /* RepeatingPlayer.swift */ = {isa = PBXFileReference; lastKnownFileType = sourcecode.swift; path = RepeatingPlayer.swift; sourceTree = "<group>"; };
		555D4BFF2A52004B00943DB8 /* ChristmasLightsLocation.swift */ = {isa = PBXFileReference; lastKnownFileType = sourcecode.swift; path = ChristmasLightsLocation.swift; sourceTree = "<group>"; };
		555D62082A36825A00785A7C /* MainView.swift */ = {isa = PBXFileReference; lastKnownFileType = sourcecode.swift; path = MainView.swift; sourceTree = "<group>"; };
		5562CABF2A59A566003E5DA9 /* Address.swift */ = {isa = PBXFileReference; lastKnownFileType = sourcecode.swift; path = Address.swift; sourceTree = "<group>"; };
		5562CAC12A59A5F9003E5DA9 /* Coordinates.swift */ = {isa = PBXFileReference; lastKnownFileType = sourcecode.swift; path = Coordinates.swift; sourceTree = "<group>"; };
		5562CAC42A59A671003E5DA9 /* ChristmasLightsHouseType.swift */ = {isa = PBXFileReference; lastKnownFileType = sourcecode.swift; path = ChristmasLightsHouseType.swift; sourceTree = "<group>"; };
		5562CACA2A59F85A003E5DA9 /* RoundGreenButtonStyle.swift */ = {isa = PBXFileReference; lastKnownFileType = sourcecode.swift; path = RoundGreenButtonStyle.swift; sourceTree = "<group>"; };
		559A2D6C2A3938EF00DFA306 /* LocationManager.swift */ = {isa = PBXFileReference; lastKnownFileType = sourcecode.swift; path = LocationManager.swift; sourceTree = "<group>"; };
		559A2D732A3A904800DFA306 /* LocationServicesInitalPermissionView.swift */ = {isa = PBXFileReference; lastKnownFileType = sourcecode.swift; path = LocationServicesInitalPermissionView.swift; sourceTree = "<group>"; };
		559A2D762A3A97CF00DFA306 /* PillButtonStyle.swift */ = {isa = PBXFileReference; lastKnownFileType = sourcecode.swift; path = PillButtonStyle.swift; sourceTree = "<group>"; };
		55CA29172AA663BB003A5B1E /* ComingSoonView.swift */ = {isa = PBXFileReference; lastKnownFileType = sourcecode.swift; path = ComingSoonView.swift; sourceTree = "<group>"; };
		55CD21462AB7BFB700987391 /* Recipe.swift */ = {isa = PBXFileReference; lastKnownFileType = sourcecode.swift; path = Recipe.swift; sourceTree = "<group>"; };
		55D4D9742A8AD720000DEC60 /* Bubble.swift */ = {isa = PBXFileReference; lastKnownFileType = sourcecode.swift; path = Bubble.swift; sourceTree = "<group>"; };
		55D4D9762A8AD7A4000DEC60 /* BubbleShape.swift */ = {isa = PBXFileReference; lastKnownFileType = sourcecode.swift; path = BubbleShape.swift; sourceTree = "<group>"; };
		55D4D9782A8AD84F000DEC60 /* UserBubble.swift */ = {isa = PBXFileReference; lastKnownFileType = sourcecode.swift; path = UserBubble.swift; sourceTree = "<group>"; };
		55D4D97A2A8ADA69000DEC60 /* SystemBubble.swift */ = {isa = PBXFileReference; lastKnownFileType = sourcecode.swift; path = SystemBubble.swift; sourceTree = "<group>"; };
		55D4D97C2A8ADCE0000DEC60 /* TextEntryView.swift */ = {isa = PBXFileReference; lastKnownFileType = sourcecode.swift; path = TextEntryView.swift; sourceTree = "<group>"; };
		55D4D97F2A8AE276000DEC60 /* MrsClauseKitchen.swift */ = {isa = PBXFileReference; lastKnownFileType = sourcecode.swift; path = MrsClauseKitchen.swift; sourceTree = "<group>"; };
		55E2A1F52A79F45600260F59 /* LightLocationLabel.swift */ = {isa = PBXFileReference; lastKnownFileType = sourcecode.swift; path = LightLocationLabel.swift; sourceTree = "<group>"; };
		55E2A1F72A7C80F000260F59 /* LocationProfileView.swift */ = {isa = PBXFileReference; lastKnownFileType = sourcecode.swift; path = LocationProfileView.swift; sourceTree = "<group>"; };
		7F0CAE602C7A678100701F59 /* Christmasville.storekit */ = {isa = PBXFileReference; lastKnownFileType = text; path = Christmasville.storekit; sourceTree = "<group>"; };
		7F0CAE622C7A67F300701F59 /* StoreKitTestCertificate.cer */ = {isa = PBXFileReference; lastKnownFileType = file; path = StoreKitTestCertificate.cer; sourceTree = "<group>"; };
		7F33B1BF2BD9DD3C0011421E /* ChatManager.swift */ = {isa = PBXFileReference; lastKnownFileType = sourcecode.swift; path = ChatManager.swift; sourceTree = "<group>"; };
		7F33B1C12BD9DD980011421E /* ChatMessage.swift */ = {isa = PBXFileReference; lastKnownFileType = sourcecode.swift; path = ChatMessage.swift; sourceTree = "<group>"; };
		7F35E11C2C0FD31600297037 /* SWEmptyPage.swift */ = {isa = PBXFileReference; lastKnownFileType = sourcecode.swift; path = SWEmptyPage.swift; sourceTree = "<group>"; };
		7F35E11F2C0FD68F00297037 /* SantasWorkshop.swift */ = {isa = PBXFileReference; lastKnownFileType = sourcecode.swift; path = SantasWorkshop.swift; sourceTree = "<group>"; };
		7F35E1212C0FF6EE00297037 /* Relation.swift */ = {isa = PBXFileReference; lastKnownFileType = sourcecode.swift; path = Relation.swift; sourceTree = "<group>"; };
		7F35E1242C0FFFA000297037 /* Giftee.swift */ = {isa = PBXFileReference; lastKnownFileType = sourcecode.swift; path = Giftee.swift; sourceTree = "<group>"; };
		7F35E1272C1008B800297037 /* EditGifteeView.swift */ = {isa = PBXFileReference; lastKnownFileType = sourcecode.swift; path = EditGifteeView.swift; sourceTree = "<group>"; };
		7F4290132C5EDFB3000CBE37 /* StoreKit.framework */ = {isa = PBXFileReference; lastKnownFileType = wrapper.framework; name = StoreKit.framework; path = System/Library/Frameworks/StoreKit.framework; sourceTree = SDKROOT; };
		7F48ACF22BE85C7000EAD547 /* MrsClauseChat.swift */ = {isa = PBXFileReference; lastKnownFileType = sourcecode.swift; path = MrsClauseChat.swift; sourceTree = "<group>"; };
		7F5972032C210FBD00531724 /* GiftStatus.swift */ = {isa = PBXFileReference; lastKnownFileType = sourcecode.swift; path = GiftStatus.swift; sourceTree = "<group>"; };
		7F5972052C2110BE00531724 /* GifteeCard.swift */ = {isa = PBXFileReference; lastKnownFileType = sourcecode.swift; path = GifteeCard.swift; sourceTree = "<group>"; };
		7F5972902C2630C300531724 /* GifteeView.swift */ = {isa = PBXFileReference; lastKnownFileType = sourcecode.swift; path = GifteeView.swift; sourceTree = "<group>"; };
		7F6125FB2C44811E0058DC11 /* GifteeChatSelection.swift */ = {isa = PBXFileReference; lastKnownFileType = sourcecode.swift; path = GifteeChatSelection.swift; sourceTree = "<group>"; };
		7F6125FF2C44AD600058DC11 /* SnowHillsView.swift */ = {isa = PBXFileReference; lastKnownFileType = sourcecode.swift; path = SnowHillsView.swift; sourceTree = "<group>"; };
		7F6126012C45E4290058DC11 /* MiniMapView.swift */ = {isa = PBXFileReference; lastKnownFileType = sourcecode.swift; path = MiniMapView.swift; sourceTree = "<group>"; };
		7F6941CC2C630516002A6965 /* SubscriptionManager.swift */ = {isa = PBXFileReference; lastKnownFileType = sourcecode.swift; path = SubscriptionManager.swift; sourceTree = "<group>"; };
		7F95F9302C17C2E9006AE9FB /* CreateGifteeView.swift */ = {isa = PBXFileReference; lastKnownFileType = sourcecode.swift; path = CreateGifteeView.swift; sourceTree = "<group>"; };
		7F95F9322C1A7264006AE9FB /* NavigationTabs.swift */ = {isa = PBXFileReference; lastKnownFileType = sourcecode.swift; path = NavigationTabs.swift; sourceTree = "<group>"; };
		7F95F9BD2C1CD619006AE9FB /* ChatView.swift */ = {isa = PBXFileReference; lastKnownFileType = sourcecode.swift; path = ChatView.swift; sourceTree = "<group>"; };
		7F95F9BF2C1CD660006AE9FB /* Bots.swift */ = {isa = PBXFileReference; lastKnownFileType = sourcecode.swift; path = Bots.swift; sourceTree = "<group>"; };
		7F9EC5EC2C572FF2006CDC4D /* GoogleService-Info.plist */ = {isa = PBXFileReference; lastKnownFileType = text.plist.xml; path = "GoogleService-Info.plist"; sourceTree = "<group>"; };
		EC29B5DE2ACBA1430032EE95 /* RecipeView.swift */ = {isa = PBXFileReference; lastKnownFileType = sourcecode.swift; path = RecipeView.swift; sourceTree = "<group>"; };
		EC2C137A2AEDA51D00A16DE2 /* CountdownView.swift */ = {isa = PBXFileReference; lastKnownFileType = sourcecode.swift; path = CountdownView.swift; sourceTree = "<group>"; };
		EC69994B2AD0F28A009FB09C /* HomeView.swift */ = {isa = PBXFileReference; lastKnownFileType = sourcecode.swift; path = HomeView.swift; sourceTree = "<group>"; };
		EC69994D2AD0F5C3009FB09C /* SnowBackgroundModifier.swift */ = {isa = PBXFileReference; lastKnownFileType = sourcecode.swift; path = SnowBackgroundModifier.swift; sourceTree = "<group>"; };
		ECEF5C0D2AC0CD85005A36F0 /* WavySquareShape.swift */ = {isa = PBXFileReference; lastKnownFileType = sourcecode.swift; path = WavySquareShape.swift; sourceTree = "<group>"; };
		ECEF5C102AC0E5A6005A36F0 /* NeumorphicBackground.swift */ = {isa = PBXFileReference; lastKnownFileType = sourcecode.swift; path = NeumorphicBackground.swift; sourceTree = "<group>"; };
		ECEF5C122AC0E822005A36F0 /* MiniRecipeCard.swift */ = {isa = PBXFileReference; lastKnownFileType = sourcecode.swift; path = MiniRecipeCard.swift; sourceTree = "<group>"; };
		ECEF5C142AC3C550005A36F0 /* FeaturedRecipeCard.swift */ = {isa = PBXFileReference; lastKnownFileType = sourcecode.swift; path = FeaturedRecipeCard.swift; sourceTree = "<group>"; };
/* End PBXFileReference section */

/* Begin PBXFrameworksBuildPhase section */
		553F99022A35133E00F7D4BD /* Frameworks */ = {
			isa = PBXFrameworksBuildPhase;
			buildActionMask = 2147483647;
			files = (
				7F9EC5EB2C572FCD006CDC4D /* FirebaseVertexAI-Preview in Frameworks */,
				7F4290142C5EDFB3000CBE37 /* StoreKit.framework in Frameworks */,
				7F9EC5E52C572FCD006CDC4D /* FirebaseAnalytics in Frameworks */,
				7F4290112C5EDF3D000CBE37 /* RevenueCatUI in Frameworks */,
				7F42900F2C5EDF3D000CBE37 /* RevenueCat in Frameworks */,
				7F9EC5E92C572FCD006CDC4D /* FirebaseCrashlytics in Frameworks */,
				7F9EC5E72C572FCD006CDC4D /* FirebaseAppCheck in Frameworks */,
			);
			runOnlyForDeploymentPostprocessing = 0;
		};
		553F99132A35133F00F7D4BD /* Frameworks */ = {
			isa = PBXFrameworksBuildPhase;
			buildActionMask = 2147483647;
			files = (
			);
			runOnlyForDeploymentPostprocessing = 0;
		};
		553F991D2A35133F00F7D4BD /* Frameworks */ = {
			isa = PBXFrameworksBuildPhase;
			buildActionMask = 2147483647;
			files = (
			);
			runOnlyForDeploymentPostprocessing = 0;
		};
/* End PBXFrameworksBuildPhase section */

/* Begin PBXGroup section */
		5535F1DA2A36A025000279F6 /* Snow */ = {
			isa = PBXGroup;
			children = (
				5535F1DD2A36A034000279F6 /* Assets.xcassets */,
				5535F1DC2A36A034000279F6 /* snow.sks */,
				5535F1DB2A36A034000279F6 /* SnowBackground.swift */,
				5535F1DE2A36A034000279F6 /* SnowScene.swift */,
				EC69994D2AD0F5C3009FB09C /* SnowBackgroundModifier.swift */,
			);
			path = Snow;
			sourceTree = "<group>";
		};
		5535F1E32A36A3EE000279F6 /* ChristmasLightsMap */ = {
			isa = PBXGroup;
			children = (
				5535F1E42A36A409000279F6 /* LightsMapView.swift */,
				552C726D2A4E58FC00E2B682 /* AddAddressForm.swift */,
				55E2A1F52A79F45600260F59 /* LightLocationLabel.swift */,
				55E2A1F72A7C80F000260F59 /* LocationProfileView.swift */,
				7F6126012C45E4290058DC11 /* MiniMapView.swift */,
			);
			path = ChristmasLightsMap;
			sourceTree = "<group>";
		};
		553F98FC2A35133E00F7D4BD = {
			isa = PBXGroup;
			children = (
				7F9EC5EC2C572FF2006CDC4D /* GoogleService-Info.plist */,
				7F0CAE602C7A678100701F59 /* Christmasville.storekit */,
				7F0CAE622C7A67F300701F59 /* StoreKitTestCertificate.cer */,
				553F99072A35133E00F7D4BD /* Christmasville */,
				553F99192A35133F00F7D4BD /* ChristmasvilleTests */,
				553F99232A35133F00F7D4BD /* ChristmasvilleUITests */,
				553F99062A35133E00F7D4BD /* Products */,
				7F4290122C5EDFB3000CBE37 /* Frameworks */,
			);
			sourceTree = "<group>";
		};
		553F99062A35133E00F7D4BD /* Products */ = {
			isa = PBXGroup;
			children = (
				553F99052A35133E00F7D4BD /* Christmasville.app */,
				553F99162A35133F00F7D4BD /* ChristmasvilleTests.xctest */,
				553F99202A35133F00F7D4BD /* ChristmasvilleUITests.xctest */,
			);
			name = Products;
			sourceTree = "<group>";
		};
		553F99072A35133E00F7D4BD /* Christmasville */ = {
			isa = PBXGroup;
			children = (
				7F4290152C6197CD000CBE37 /* LifeCyle */,
				559A2D752A3A97B400DFA306 /* Styles */,
				5562CAC32A59A647003E5DA9 /* Enum */,
				555D4BFE2A52001E00943DB8 /* Models */,
				559A2D6B2A3938CF00DFA306 /* Managers */,
				555D62072A36824500785A7C /* View */,
				553F99082A35133E00F7D4BD /* ChristmasvilleApp.swift */,
				553F990C2A35133F00F7D4BD /* Assets.xcassets */,
				553F990E2A35133F00F7D4BD /* Christmasville.entitlements */,
				553F990F2A35133F00F7D4BD /* Preview Content */,
			);
			path = Christmasville;
			sourceTree = "<group>";
		};
		553F990F2A35133F00F7D4BD /* Preview Content */ = {
			isa = PBXGroup;
			children = (
				553F99102A35133F00F7D4BD /* Preview Assets.xcassets */,
			);
			path = "Preview Content";
			sourceTree = "<group>";
		};
		553F99192A35133F00F7D4BD /* ChristmasvilleTests */ = {
			isa = PBXGroup;
			children = (
				553F991A2A35133F00F7D4BD /* ChristmasvilleTests.swift */,
			);
			path = ChristmasvilleTests;
			sourceTree = "<group>";
		};
		553F99232A35133F00F7D4BD /* ChristmasvilleUITests */ = {
			isa = PBXGroup;
			children = (
				553F99242A35133F00F7D4BD /* ChristmasvilleUITests.swift */,
				553F99262A35133F00F7D4BD /* ChristmasvilleUITestsLaunchTests.swift */,
			);
			path = ChristmasvilleUITests;
			sourceTree = "<group>";
		};
		555D4BFE2A52001E00943DB8 /* Models */ = {
			isa = PBXGroup;
			children = (
				7F35E1232C0FFF7D00297037 /* SantasWorkshop */,
				7F48ACF42BE8758E00EAD547 /* ChristmasLightsLocation */,
				7F48ACF12BE5C40600EAD547 /* MCKitchen */,
			);
			path = Models;
			sourceTree = "<group>";
		};
		555D62072A36824500785A7C /* View */ = {
			isa = PBXGroup;
			children = (
				7F35E11E2C0FD67500297037 /* SantasWorkshop */,
				7F35E11B2C0FD2DB00297037 /* EmptyViews */,
				55CA29152AA66388003A5B1E /* Onboarding */,
				55D4D97E2A8AE24A000DEC60 /* MrsClauseKitchen */,
				55D4D9722A8AD3CA000DEC60 /* Chat */,
				559A2D6E2A3A8FB500DFA306 /* AppMessaging */,
				5535F1E32A36A3EE000279F6 /* ChristmasLightsMap */,
				555D62082A36825A00785A7C /* MainView.swift */,
				5546CB792A64CCE60079D285 /* RepeatingPlayer.swift */,
				EC69994B2AD0F28A009FB09C /* HomeView.swift */,
				EC2C137A2AEDA51D00A16DE2 /* CountdownView.swift */,
			);
			path = View;
			sourceTree = "<group>";
		};
		5562CAC32A59A647003E5DA9 /* Enum */ = {
			isa = PBXGroup;
			children = (
				7F95F9BF2C1CD660006AE9FB /* Bots.swift */,
				5562CAC42A59A671003E5DA9 /* ChristmasLightsHouseType.swift */,
				7F35E1212C0FF6EE00297037 /* Relation.swift */,
				7F95F9322C1A7264006AE9FB /* NavigationTabs.swift */,
				7F5972032C210FBD00531724 /* GiftStatus.swift */,
			);
			path = Enum;
			sourceTree = "<group>";
		};
		559A2D6B2A3938CF00DFA306 /* Managers */ = {
			isa = PBXGroup;
			children = (
				7F6941CC2C630516002A6965 /* SubscriptionManager.swift */,
				559A2D6C2A3938EF00DFA306 /* LocationManager.swift */,
				7F33B1BF2BD9DD3C0011421E /* ChatManager.swift */,
			);
			path = Managers;
			sourceTree = "<group>";
		};
		559A2D6E2A3A8FB500DFA306 /* AppMessaging */ = {
			isa = PBXGroup;
			children = (
				559A2D712A3A8FF100DFA306 /* PopUps */,
			);
			path = AppMessaging;
			sourceTree = "<group>";
		};
		559A2D712A3A8FF100DFA306 /* PopUps */ = {
			isa = PBXGroup;
			children = (
				559A2D732A3A904800DFA306 /* LocationServicesInitalPermissionView.swift */,
			);
			path = PopUps;
			sourceTree = "<group>";
		};
		559A2D752A3A97B400DFA306 /* Styles */ = {
			isa = PBXGroup;
			children = (
				7F48ACF62BE8763200EAD547 /* ButtonStyles */,
				ECEF5C0C2AC0CD6B005A36F0 /* Shape  */,
				ECEF5C0F2AC0E568005A36F0 /* Modifers */,
			);
			path = Styles;
			sourceTree = "<group>";
		};
		55CA29152AA66388003A5B1E /* Onboarding */ = {
			isa = PBXGroup;
			children = (
				55CA29162AA6639A003A5B1E /* ComingSoon */,
			);
			path = Onboarding;
			sourceTree = "<group>";
		};
		55CA29162AA6639A003A5B1E /* ComingSoon */ = {
			isa = PBXGroup;
			children = (
				55CA29172AA663BB003A5B1E /* ComingSoonView.swift */,
			);
			path = ComingSoon;
			sourceTree = "<group>";
		};
		55D4D9722A8AD3CA000DEC60 /* Chat */ = {
			isa = PBXGroup;
			children = (
				55D4D9732A8AD6E3000DEC60 /* ChatBubbles */,
				55D4D97C2A8ADCE0000DEC60 /* TextEntryView.swift */,
				7F95F9BD2C1CD619006AE9FB /* ChatView.swift */,
			);
			path = Chat;
			sourceTree = "<group>";
		};
		55D4D9732A8AD6E3000DEC60 /* ChatBubbles */ = {
			isa = PBXGroup;
			children = (
				55D4D9742A8AD720000DEC60 /* Bubble.swift */,
				55D4D9762A8AD7A4000DEC60 /* BubbleShape.swift */,
				55D4D9782A8AD84F000DEC60 /* UserBubble.swift */,
				55D4D97A2A8ADA69000DEC60 /* SystemBubble.swift */,
			);
			path = ChatBubbles;
			sourceTree = "<group>";
		};
		55D4D97E2A8AE24A000DEC60 /* MrsClauseKitchen */ = {
			isa = PBXGroup;
			children = (
				55D4D97F2A8AE276000DEC60 /* MrsClauseKitchen.swift */,
				ECEF5C122AC0E822005A36F0 /* MiniRecipeCard.swift */,
				ECEF5C142AC3C550005A36F0 /* FeaturedRecipeCard.swift */,
				EC29B5DE2ACBA1430032EE95 /* RecipeView.swift */,
			);
			path = MrsClauseKitchen;
			sourceTree = "<group>";
		};
		7F35E11B2C0FD2DB00297037 /* EmptyViews */ = {
			isa = PBXGroup;
			children = (
				7F35E11C2C0FD31600297037 /* SWEmptyPage.swift */,
			);
			path = EmptyViews;
			sourceTree = "<group>";
		};
		7F35E11E2C0FD67500297037 /* SantasWorkshop */ = {
			isa = PBXGroup;
			children = (
				7F6125FA2C4480A80058DC11 /* ChatSelection */,
				7F35E1262C10089F00297037 /* Giftee */,
				7F35E11F2C0FD68F00297037 /* SantasWorkshop.swift */,
			);
			path = SantasWorkshop;
			sourceTree = "<group>";
		};
		7F35E1232C0FFF7D00297037 /* SantasWorkshop */ = {
			isa = PBXGroup;
			children = (
				7F35E1242C0FFFA000297037 /* Giftee.swift */,
			);
			path = SantasWorkshop;
			sourceTree = "<group>";
		};
		7F35E1262C10089F00297037 /* Giftee */ = {
			isa = PBXGroup;
			children = (
				7F35E1272C1008B800297037 /* EditGifteeView.swift */,
				7F95F9302C17C2E9006AE9FB /* CreateGifteeView.swift */,
				7F5972052C2110BE00531724 /* GifteeCard.swift */,
				7F5972902C2630C300531724 /* GifteeView.swift */,
			);
			path = Giftee;
			sourceTree = "<group>";
		};
		7F4290122C5EDFB3000CBE37 /* Frameworks */ = {
			isa = PBXGroup;
			children = (
				7F4290132C5EDFB3000CBE37 /* StoreKit.framework */,
			);
			name = Frameworks;
			sourceTree = "<group>";
		};
		7F4290152C6197CD000CBE37 /* LifeCyle */ = {
			isa = PBXGroup;
			children = (
			);
			path = LifeCyle;
			sourceTree = "<group>";
		};
		7F48ACF12BE5C40600EAD547 /* MCKitchen */ = {
			isa = PBXGroup;
			children = (
				55CD21462AB7BFB700987391 /* Recipe.swift */,
				7F48ACF22BE85C7000EAD547 /* MrsClauseChat.swift */,
			);
			path = MCKitchen;
			sourceTree = "<group>";
		};
		7F48ACF42BE8758E00EAD547 /* ChristmasLightsLocation */ = {
			isa = PBXGroup;
			children = (
				555D4BFF2A52004B00943DB8 /* ChristmasLightsLocation.swift */,
				5562CABF2A59A566003E5DA9 /* Address.swift */,
				5562CAC12A59A5F9003E5DA9 /* Coordinates.swift */,
				7F33B1C12BD9DD980011421E /* ChatMessage.swift */,
			);
			path = ChristmasLightsLocation;
			sourceTree = "<group>";
		};
		7F48ACF52BE8760200EAD547 /* Neumorphic */ = {
			isa = PBXGroup;
			children = (
				ECEF5C102AC0E5A6005A36F0 /* NeumorphicBackground.swift */,
			);
			path = Neumorphic;
			sourceTree = "<group>";
		};
		7F48ACF62BE8763200EAD547 /* ButtonStyles */ = {
			isa = PBXGroup;
			children = (
				559A2D762A3A97CF00DFA306 /* PillButtonStyle.swift */,
				5562CACA2A59F85A003E5DA9 /* RoundGreenButtonStyle.swift */,
			);
			path = ButtonStyles;
			sourceTree = "<group>";
		};
		7F6125FA2C4480A80058DC11 /* ChatSelection */ = {
			isa = PBXGroup;
			children = (
				7F6125FB2C44811E0058DC11 /* GifteeChatSelection.swift */,
			);
			path = ChatSelection;
			sourceTree = "<group>";
		};
		ECEF5C0C2AC0CD6B005A36F0 /* Shape  */ = {
			isa = PBXGroup;
			children = (
				7F6125FF2C44AD600058DC11 /* SnowHillsView.swift */,
				ECEF5C0D2AC0CD85005A36F0 /* WavySquareShape.swift */,
			);
			path = "Shape ";
			sourceTree = "<group>";
		};
		ECEF5C0F2AC0E568005A36F0 /* Modifers */ = {
			isa = PBXGroup;
			children = (
				7F48ACF52BE8760200EAD547 /* Neumorphic */,
				5535F1DA2A36A025000279F6 /* Snow */,
			);
			path = Modifers;
			sourceTree = "<group>";
		};
/* End PBXGroup section */

/* Begin PBXNativeTarget section */
		553F99042A35133E00F7D4BD /* Christmasville */ = {
			isa = PBXNativeTarget;
			buildConfigurationList = 553F992A2A35133F00F7D4BD /* Build configuration list for PBXNativeTarget "Christmasville" */;
			buildPhases = (
				553F99012A35133E00F7D4BD /* Sources */,
				553F99022A35133E00F7D4BD /* Frameworks */,
				553F99032A35133E00F7D4BD /* Resources */,
			);
			buildRules = (
			);
			dependencies = (
			);
			name = Christmasville;
			packageProductDependencies = (
				7F9EC5E42C572FCD006CDC4D /* FirebaseAnalytics */,
				7F9EC5E62C572FCD006CDC4D /* FirebaseAppCheck */,
				7F9EC5E82C572FCD006CDC4D /* FirebaseCrashlytics */,
				7F9EC5EA2C572FCD006CDC4D /* FirebaseVertexAI-Preview */,
				7F42900E2C5EDF3D000CBE37 /* RevenueCat */,
				7F4290102C5EDF3D000CBE37 /* RevenueCatUI */,
			);
			productName = Christmasville;
			productReference = 553F99052A35133E00F7D4BD /* Christmasville.app */;
			productType = "com.apple.product-type.application";
		};
		553F99152A35133F00F7D4BD /* ChristmasvilleTests */ = {
			isa = PBXNativeTarget;
			buildConfigurationList = 553F992D2A35133F00F7D4BD /* Build configuration list for PBXNativeTarget "ChristmasvilleTests" */;
			buildPhases = (
				553F99122A35133F00F7D4BD /* Sources */,
				553F99132A35133F00F7D4BD /* Frameworks */,
				553F99142A35133F00F7D4BD /* Resources */,
			);
			buildRules = (
			);
			dependencies = (
				553F99182A35133F00F7D4BD /* PBXTargetDependency */,
			);
			name = ChristmasvilleTests;
			productName = ChristmasvilleTests;
			productReference = 553F99162A35133F00F7D4BD /* ChristmasvilleTests.xctest */;
			productType = "com.apple.product-type.bundle.unit-test";
		};
		553F991F2A35133F00F7D4BD /* ChristmasvilleUITests */ = {
			isa = PBXNativeTarget;
			buildConfigurationList = 553F99302A35133F00F7D4BD /* Build configuration list for PBXNativeTarget "ChristmasvilleUITests" */;
			buildPhases = (
				553F991C2A35133F00F7D4BD /* Sources */,
				553F991D2A35133F00F7D4BD /* Frameworks */,
				553F991E2A35133F00F7D4BD /* Resources */,
			);
			buildRules = (
			);
			dependencies = (
				553F99222A35133F00F7D4BD /* PBXTargetDependency */,
			);
			name = ChristmasvilleUITests;
			productName = ChristmasvilleUITests;
			productReference = 553F99202A35133F00F7D4BD /* ChristmasvilleUITests.xctest */;
			productType = "com.apple.product-type.bundle.ui-testing";
		};
/* End PBXNativeTarget section */

/* Begin PBXProject section */
		553F98FD2A35133E00F7D4BD /* Project object */ = {
			isa = PBXProject;
			attributes = {
				BuildIndependentTargetsInParallel = 1;
				LastSwiftUpdateCheck = 1500;
				LastUpgradeCheck = 1500;
				TargetAttributes = {
					553F99042A35133E00F7D4BD = {
						CreatedOnToolsVersion = 15.0;
					};
					553F99152A35133F00F7D4BD = {
						CreatedOnToolsVersion = 15.0;
						TestTargetID = 553F99042A35133E00F7D4BD;
					};
					553F991F2A35133F00F7D4BD = {
						CreatedOnToolsVersion = 15.0;
						TestTargetID = 553F99042A35133E00F7D4BD;
					};
				};
			};
			buildConfigurationList = 553F99002A35133E00F7D4BD /* Build configuration list for PBXProject "Christmasville" */;
			compatibilityVersion = "Xcode 14.0";
			developmentRegion = en;
			hasScannedForEncodings = 0;
			knownRegions = (
				en,
				Base,
			);
			mainGroup = 553F98FC2A35133E00F7D4BD;
			packageReferences = (
				7F33B1B92BD9CD8D0011421E /* XCRemoteSwiftPackageReference "swift-markdown-ui" */,
				7F9EC5E32C572FCD006CDC4D /* XCRemoteSwiftPackageReference "firebase-ios-sdk" */,
				7F42900D2C5EDF3D000CBE37 /* XCRemoteSwiftPackageReference "purchases-ios-spm" */,
			);
			productRefGroup = 553F99062A35133E00F7D4BD /* Products */;
			projectDirPath = "";
			projectRoot = "";
			targets = (
				553F99042A35133E00F7D4BD /* Christmasville */,
				553F99152A35133F00F7D4BD /* ChristmasvilleTests */,
				553F991F2A35133F00F7D4BD /* ChristmasvilleUITests */,
			);
		};
/* End PBXProject section */

/* Begin PBXResourcesBuildPhase section */
		553F99032A35133E00F7D4BD /* Resources */ = {
			isa = PBXResourcesBuildPhase;
			buildActionMask = 2147483647;
			files = (
				553F99112A35133F00F7D4BD /* Preview Assets.xcassets in Resources */,
				7F0CAE632C7A67F300701F59 /* StoreKitTestCertificate.cer in Resources */,
				553F990D2A35133F00F7D4BD /* Assets.xcassets in Resources */,
				5535F1E12A36A034000279F6 /* Assets.xcassets in Resources */,
				5535F1E02A36A034000279F6 /* snow.sks in Resources */,
				7F0CAE612C7A678100701F59 /* Christmasville.storekit in Resources */,
				7F9EC5ED2C572FF2006CDC4D /* GoogleService-Info.plist in Resources */,
			);
			runOnlyForDeploymentPostprocessing = 0;
		};
		553F99142A35133F00F7D4BD /* Resources */ = {
			isa = PBXResourcesBuildPhase;
			buildActionMask = 2147483647;
			files = (
			);
			runOnlyForDeploymentPostprocessing = 0;
		};
		553F991E2A35133F00F7D4BD /* Resources */ = {
			isa = PBXResourcesBuildPhase;
			buildActionMask = 2147483647;
			files = (
			);
			runOnlyForDeploymentPostprocessing = 0;
		};
/* End PBXResourcesBuildPhase section */

/* Begin PBXSourcesBuildPhase section */
		553F99012A35133E00F7D4BD /* Sources */ = {
			isa = PBXSourcesBuildPhase;
			buildActionMask = 2147483647;
			files = (
				7F6125FC2C44811E0058DC11 /* GifteeChatSelection.swift in Sources */,
				7F95F9C02C1CD668006AE9FB /* Bots.swift in Sources */,
				555D62092A36825A00785A7C /* MainView.swift in Sources */,
				7F35E1292C100D6F00297037 /* Relation.swift in Sources */,
				7F95F9BE2C1CD619006AE9FB /* ChatView.swift in Sources */,
				55D4D9792A8AD84F000DEC60 /* UserBubble.swift in Sources */,
				5535F1E52A36A409000279F6 /* LightsMapView.swift in Sources */,
				EC2C137B2AEDA51D00A16DE2 /* CountdownView.swift in Sources */,
				55D4D97D2A8ADCE0000DEC60 /* TextEntryView.swift in Sources */,
				ECEF5C132AC0E822005A36F0 /* MiniRecipeCard.swift in Sources */,
				EC69994E2AD0F5C3009FB09C /* SnowBackgroundModifier.swift in Sources */,
				7F95F9312C17C2E9006AE9FB /* CreateGifteeView.swift in Sources */,
				55E2A1F62A79F45600260F59 /* LightLocationLabel.swift in Sources */,
				5535F1DF2A36A034000279F6 /* SnowBackground.swift in Sources */,
				5546CB7A2A64CCE60079D285 /* RepeatingPlayer.swift in Sources */,
				7F6126002C44AD620058DC11 /* SnowHillsView.swift in Sources */,
				559A2D772A3A97CF00DFA306 /* PillButtonStyle.swift in Sources */,
				7F35E1252C0FFFA000297037 /* Giftee.swift in Sources */,
				55E2A1F82A7C80F000260F59 /* LocationProfileView.swift in Sources */,
				555D4C002A52004B00943DB8 /* ChristmasLightsLocation.swift in Sources */,
				5562CAC02A59A566003E5DA9 /* Address.swift in Sources */,
				7F35E1282C1008B800297037 /* EditGifteeView.swift in Sources */,
				EC29B5DF2ACBA1430032EE95 /* RecipeView.swift in Sources */,
				5562CAC52A59A671003E5DA9 /* ChristmasLightsHouseType.swift in Sources */,
				5562CAC22A59A5F9003E5DA9 /* Coordinates.swift in Sources */,
				ECEF5C112AC0E5A6005A36F0 /* NeumorphicBackground.swift in Sources */,
				55CD21472AB7BFB700987391 /* Recipe.swift in Sources */,
				552C726E2A4E58FC00E2B682 /* AddAddressForm.swift in Sources */,
				EC69994C2AD0F28A009FB09C /* HomeView.swift in Sources */,
				7F95F9332C1A7264006AE9FB /* NavigationTabs.swift in Sources */,
				5535F1E22A36A034000279F6 /* SnowScene.swift in Sources */,
				ECEF5C0E2AC0CD85005A36F0 /* WavySquareShape.swift in Sources */,
				7F33B1C02BD9DD3C0011421E /* ChatManager.swift in Sources */,
				ECEF5C152AC3C551005A36F0 /* FeaturedRecipeCard.swift in Sources */,
				5562CACB2A59F85A003E5DA9 /* RoundGreenButtonStyle.swift in Sources */,
				559A2D742A3A904800DFA306 /* LocationServicesInitalPermissionView.swift in Sources */,
				55D4D9772A8AD7A4000DEC60 /* BubbleShape.swift in Sources */,
				7F6126022C45E4290058DC11 /* MiniMapView.swift in Sources */,
				55D4D9802A8AE276000DEC60 /* MrsClauseKitchen.swift in Sources */,
				7F33B1C22BD9DD980011421E /* ChatMessage.swift in Sources */,
				7F6941CD2C63051D002A6965 /* SubscriptionManager.swift in Sources */,
				7F35E11D2C0FD31600297037 /* SWEmptyPage.swift in Sources */,
				7F5972912C2630C300531724 /* GifteeView.swift in Sources */,
				553F99092A35133E00F7D4BD /* ChristmasvilleApp.swift in Sources */,
				7F48ACF32BE85C7000EAD547 /* MrsClauseChat.swift in Sources */,
				7F5972062C2110BE00531724 /* GifteeCard.swift in Sources */,
				55CA29182AA663BB003A5B1E /* ComingSoonView.swift in Sources */,
				55D4D9752A8AD720000DEC60 /* Bubble.swift in Sources */,
				7F5972042C210FBD00531724 /* GiftStatus.swift in Sources */,
				7F35E1202C0FD68F00297037 /* SantasWorkshop.swift in Sources */,
				55D4D97B2A8ADA69000DEC60 /* SystemBubble.swift in Sources */,
				559A2D6D2A3938EF00DFA306 /* LocationManager.swift in Sources */,
			);
			runOnlyForDeploymentPostprocessing = 0;
		};
		553F99122A35133F00F7D4BD /* Sources */ = {
			isa = PBXSourcesBuildPhase;
			buildActionMask = 2147483647;
			files = (
				7F33B1CD2BDB0CA50011421E /* ChatMessage.swift in Sources */,
				553F991B2A35133F00F7D4BD /* ChristmasvilleTests.swift in Sources */,
			);
			runOnlyForDeploymentPostprocessing = 0;
		};
		553F991C2A35133F00F7D4BD /* Sources */ = {
			isa = PBXSourcesBuildPhase;
			buildActionMask = 2147483647;
			files = (
				7F33B1CE2BDB0CA80011421E /* ChatMessage.swift in Sources */,
				553F99272A35133F00F7D4BD /* ChristmasvilleUITestsLaunchTests.swift in Sources */,
				553F99252A35133F00F7D4BD /* ChristmasvilleUITests.swift in Sources */,
			);
			runOnlyForDeploymentPostprocessing = 0;
		};
/* End PBXSourcesBuildPhase section */

/* Begin PBXTargetDependency section */
		553F99182A35133F00F7D4BD /* PBXTargetDependency */ = {
			isa = PBXTargetDependency;
			target = 553F99042A35133E00F7D4BD /* Christmasville */;
			targetProxy = 553F99172A35133F00F7D4BD /* PBXContainerItemProxy */;
		};
		553F99222A35133F00F7D4BD /* PBXTargetDependency */ = {
			isa = PBXTargetDependency;
			target = 553F99042A35133E00F7D4BD /* Christmasville */;
			targetProxy = 553F99212A35133F00F7D4BD /* PBXContainerItemProxy */;
		};
/* End PBXTargetDependency section */

/* Begin XCBuildConfiguration section */
		553F99282A35133F00F7D4BD /* Debug */ = {
			isa = XCBuildConfiguration;
			buildSettings = {
				ALWAYS_SEARCH_USER_PATHS = NO;
				ASSETCATALOG_COMPILER_GENERATE_SWIFT_ASSET_SYMBOL_EXTENSIONS = YES;
				CLANG_ANALYZER_NONNULL = YES;
				CLANG_ANALYZER_NUMBER_OBJECT_CONVERSION = YES_AGGRESSIVE;
				CLANG_CXX_LANGUAGE_STANDARD = "gnu++20";
				CLANG_ENABLE_MODULES = YES;
				CLANG_ENABLE_OBJC_ARC = YES;
				CLANG_ENABLE_OBJC_WEAK = YES;
				CLANG_WARN_BLOCK_CAPTURE_AUTORELEASING = YES;
				CLANG_WARN_BOOL_CONVERSION = YES;
				CLANG_WARN_COMMA = YES;
				CLANG_WARN_CONSTANT_CONVERSION = YES;
				CLANG_WARN_DEPRECATED_OBJC_IMPLEMENTATIONS = YES;
				CLANG_WARN_DIRECT_OBJC_ISA_USAGE = YES_ERROR;
				CLANG_WARN_DOCUMENTATION_COMMENTS = YES;
				CLANG_WARN_EMPTY_BODY = YES;
				CLANG_WARN_ENUM_CONVERSION = YES;
				CLANG_WARN_INFINITE_RECURSION = YES;
				CLANG_WARN_INT_CONVERSION = YES;
				CLANG_WARN_NON_LITERAL_NULL_CONVERSION = YES;
				CLANG_WARN_OBJC_IMPLICIT_RETAIN_SELF = YES;
				CLANG_WARN_OBJC_LITERAL_CONVERSION = YES;
				CLANG_WARN_OBJC_ROOT_CLASS = YES_ERROR;
				CLANG_WARN_QUOTED_INCLUDE_IN_FRAMEWORK_HEADER = YES;
				CLANG_WARN_RANGE_LOOP_ANALYSIS = YES;
				CLANG_WARN_STRICT_PROTOTYPES = YES;
				CLANG_WARN_SUSPICIOUS_MOVE = YES;
				CLANG_WARN_UNGUARDED_AVAILABILITY = YES_AGGRESSIVE;
				CLANG_WARN_UNREACHABLE_CODE = YES;
				CLANG_WARN__DUPLICATE_METHOD_MATCH = YES;
				COPY_PHASE_STRIP = NO;
				DEBUG_INFORMATION_FORMAT = dwarf;
				ENABLE_STRICT_OBJC_MSGSEND = YES;
				ENABLE_TESTABILITY = YES;
				ENABLE_USER_SCRIPT_SANDBOXING = YES;
				GCC_C_LANGUAGE_STANDARD = gnu17;
				GCC_DYNAMIC_NO_PIC = NO;
				GCC_NO_COMMON_BLOCKS = YES;
				GCC_OPTIMIZATION_LEVEL = 0;
				GCC_PREPROCESSOR_DEFINITIONS = (
					"DEBUG=1",
					"$(inherited)",
				);
				GCC_WARN_64_TO_32_BIT_CONVERSION = YES;
				GCC_WARN_ABOUT_RETURN_TYPE = YES_ERROR;
				GCC_WARN_UNDECLARED_SELECTOR = YES;
				GCC_WARN_UNINITIALIZED_AUTOS = YES_AGGRESSIVE;
				GCC_WARN_UNUSED_FUNCTION = YES;
				GCC_WARN_UNUSED_VARIABLE = YES;
				LOCALIZATION_PREFERS_STRING_CATALOGS = YES;
				MTL_ENABLE_DEBUG_INFO = INCLUDE_SOURCE;
				MTL_FAST_MATH = YES;
				ONLY_ACTIVE_ARCH = YES;
				SWIFT_ACTIVE_COMPILATION_CONDITIONS = "DEBUG $(inherited)";
				SWIFT_OPTIMIZATION_LEVEL = "-Onone";
			};
			name = Debug;
		};
		553F99292A35133F00F7D4BD /* Release */ = {
			isa = XCBuildConfiguration;
			buildSettings = {
				ALWAYS_SEARCH_USER_PATHS = NO;
				ASSETCATALOG_COMPILER_GENERATE_SWIFT_ASSET_SYMBOL_EXTENSIONS = YES;
				CLANG_ANALYZER_NONNULL = YES;
				CLANG_ANALYZER_NUMBER_OBJECT_CONVERSION = YES_AGGRESSIVE;
				CLANG_CXX_LANGUAGE_STANDARD = "gnu++20";
				CLANG_ENABLE_MODULES = YES;
				CLANG_ENABLE_OBJC_ARC = YES;
				CLANG_ENABLE_OBJC_WEAK = YES;
				CLANG_WARN_BLOCK_CAPTURE_AUTORELEASING = YES;
				CLANG_WARN_BOOL_CONVERSION = YES;
				CLANG_WARN_COMMA = YES;
				CLANG_WARN_CONSTANT_CONVERSION = YES;
				CLANG_WARN_DEPRECATED_OBJC_IMPLEMENTATIONS = YES;
				CLANG_WARN_DIRECT_OBJC_ISA_USAGE = YES_ERROR;
				CLANG_WARN_DOCUMENTATION_COMMENTS = YES;
				CLANG_WARN_EMPTY_BODY = YES;
				CLANG_WARN_ENUM_CONVERSION = YES;
				CLANG_WARN_INFINITE_RECURSION = YES;
				CLANG_WARN_INT_CONVERSION = YES;
				CLANG_WARN_NON_LITERAL_NULL_CONVERSION = YES;
				CLANG_WARN_OBJC_IMPLICIT_RETAIN_SELF = YES;
				CLANG_WARN_OBJC_LITERAL_CONVERSION = YES;
				CLANG_WARN_OBJC_ROOT_CLASS = YES_ERROR;
				CLANG_WARN_QUOTED_INCLUDE_IN_FRAMEWORK_HEADER = YES;
				CLANG_WARN_RANGE_LOOP_ANALYSIS = YES;
				CLANG_WARN_STRICT_PROTOTYPES = YES;
				CLANG_WARN_SUSPICIOUS_MOVE = YES;
				CLANG_WARN_UNGUARDED_AVAILABILITY = YES_AGGRESSIVE;
				CLANG_WARN_UNREACHABLE_CODE = YES;
				CLANG_WARN__DUPLICATE_METHOD_MATCH = YES;
				COPY_PHASE_STRIP = NO;
				DEBUG_INFORMATION_FORMAT = "dwarf-with-dsym";
				ENABLE_NS_ASSERTIONS = NO;
				ENABLE_STRICT_OBJC_MSGSEND = YES;
				ENABLE_USER_SCRIPT_SANDBOXING = YES;
				GCC_C_LANGUAGE_STANDARD = gnu17;
				GCC_NO_COMMON_BLOCKS = YES;
				GCC_WARN_64_TO_32_BIT_CONVERSION = YES;
				GCC_WARN_ABOUT_RETURN_TYPE = YES_ERROR;
				GCC_WARN_UNDECLARED_SELECTOR = YES;
				GCC_WARN_UNINITIALIZED_AUTOS = YES_AGGRESSIVE;
				GCC_WARN_UNUSED_FUNCTION = YES;
				GCC_WARN_UNUSED_VARIABLE = YES;
				LOCALIZATION_PREFERS_STRING_CATALOGS = YES;
				MTL_ENABLE_DEBUG_INFO = NO;
				MTL_FAST_MATH = YES;
				SWIFT_COMPILATION_MODE = wholemodule;
			};
			name = Release;
		};
		553F992B2A35133F00F7D4BD /* Debug */ = {
			isa = XCBuildConfiguration;
			buildSettings = {
				ASSETCATALOG_COMPILER_APPICON_NAME = AppIcon;
				ASSETCATALOG_COMPILER_GLOBAL_ACCENT_COLOR_NAME = AccentColor;
				CODE_SIGN_ENTITLEMENTS = Christmasville/Christmasville.entitlements;
				CODE_SIGN_STYLE = Automatic;
				CURRENT_PROJECT_VERSION = 2;
				DEVELOPMENT_ASSET_PATHS = "\"Christmasville/Preview Content\"";
				DEVELOPMENT_TEAM = 5V5PZUN2HG;
				ENABLE_HARDENED_RUNTIME = YES;
				ENABLE_PREVIEWS = YES;
				GENERATE_INFOPLIST_FILE = YES;
				INFOPLIST_KEY_LSApplicationCategoryType = "public.app-category.entertainment";
				INFOPLIST_KEY_NSLocationWhenInUseUsageDescription = "e need access to your location to show you Santa's lights map in your area";
				"INFOPLIST_KEY_UIApplicationSceneManifest_Generation[sdk=iphoneos*]" = YES;
				"INFOPLIST_KEY_UIApplicationSceneManifest_Generation[sdk=iphonesimulator*]" = YES;
				"INFOPLIST_KEY_UIApplicationSupportsIndirectInputEvents[sdk=iphoneos*]" = YES;
				"INFOPLIST_KEY_UIApplicationSupportsIndirectInputEvents[sdk=iphonesimulator*]" = YES;
				"INFOPLIST_KEY_UILaunchScreen_Generation[sdk=iphoneos*]" = YES;
				"INFOPLIST_KEY_UILaunchScreen_Generation[sdk=iphonesimulator*]" = YES;
				"INFOPLIST_KEY_UIStatusBarStyle[sdk=iphoneos*]" = UIStatusBarStyleDefault;
				"INFOPLIST_KEY_UIStatusBarStyle[sdk=iphonesimulator*]" = UIStatusBarStyleDefault;
				INFOPLIST_KEY_UISupportedInterfaceOrientations_iPad = "UIInterfaceOrientationPortrait UIInterfaceOrientationPortraitUpsideDown UIInterfaceOrientationLandscapeLeft UIInterfaceOrientationLandscapeRight";
				INFOPLIST_KEY_UISupportedInterfaceOrientations_iPhone = "UIInterfaceOrientationPortrait UIInterfaceOrientationLandscapeLeft UIInterfaceOrientationLandscapeRight";
				IPHONEOS_DEPLOYMENT_TARGET = 18.0;
				LD_RUNPATH_SEARCH_PATHS = "@executable_path/Frameworks";
				"LD_RUNPATH_SEARCH_PATHS[sdk=macosx*]" = "@executable_path/../Frameworks";
				MACOSX_DEPLOYMENT_TARGET = 15.0;
				MARKETING_VERSION = 24.0;
				PRODUCT_BUNDLE_IDENTIFIER = dev.flamingoapps.Christmasville;
				PRODUCT_NAME = "$(TARGET_NAME)";
				SDKROOT = auto;
				SUPPORTED_PLATFORMS = "iphoneos iphonesimulator xros xrsimulator";
				SUPPORTS_MACCATALYST = NO;
				SUPPORTS_MAC_DESIGNED_FOR_IPHONE_IPAD = YES;
				SUPPORTS_XR_DESIGNED_FOR_IPHONE_IPAD = NO;
				SWIFT_EMIT_LOC_STRINGS = YES;
				SWIFT_VERSION = 5.0;
				TARGETED_DEVICE_FAMILY = "1,2,7";
				XROS_DEPLOYMENT_TARGET = 2.0;
			};
			name = Debug;
		};
		553F992C2A35133F00F7D4BD /* Release */ = {
			isa = XCBuildConfiguration;
			buildSettings = {
				ASSETCATALOG_COMPILER_APPICON_NAME = AppIcon;
				ASSETCATALOG_COMPILER_GLOBAL_ACCENT_COLOR_NAME = AccentColor;
				CODE_SIGN_ENTITLEMENTS = Christmasville/Christmasville.entitlements;
				CODE_SIGN_STYLE = Automatic;
				CURRENT_PROJECT_VERSION = 2;
				DEVELOPMENT_ASSET_PATHS = "\"Christmasville/Preview Content\"";
				DEVELOPMENT_TEAM = 5V5PZUN2HG;
				ENABLE_HARDENED_RUNTIME = YES;
				ENABLE_PREVIEWS = YES;
				GENERATE_INFOPLIST_FILE = YES;
				INFOPLIST_KEY_LSApplicationCategoryType = "public.app-category.entertainment";
				INFOPLIST_KEY_NSLocationWhenInUseUsageDescription = "e need access to your location to show you Santa's lights map in your area";
				"INFOPLIST_KEY_UIApplicationSceneManifest_Generation[sdk=iphoneos*]" = YES;
				"INFOPLIST_KEY_UIApplicationSceneManifest_Generation[sdk=iphonesimulator*]" = YES;
				"INFOPLIST_KEY_UIApplicationSupportsIndirectInputEvents[sdk=iphoneos*]" = YES;
				"INFOPLIST_KEY_UIApplicationSupportsIndirectInputEvents[sdk=iphonesimulator*]" = YES;
				"INFOPLIST_KEY_UILaunchScreen_Generation[sdk=iphoneos*]" = YES;
				"INFOPLIST_KEY_UILaunchScreen_Generation[sdk=iphonesimulator*]" = YES;
				"INFOPLIST_KEY_UIStatusBarStyle[sdk=iphoneos*]" = UIStatusBarStyleDefault;
				"INFOPLIST_KEY_UIStatusBarStyle[sdk=iphonesimulator*]" = UIStatusBarStyleDefault;
				INFOPLIST_KEY_UISupportedInterfaceOrientations_iPad = "UIInterfaceOrientationPortrait UIInterfaceOrientationPortraitUpsideDown UIInterfaceOrientationLandscapeLeft UIInterfaceOrientationLandscapeRight";
				INFOPLIST_KEY_UISupportedInterfaceOrientations_iPhone = "UIInterfaceOrientationPortrait UIInterfaceOrientationLandscapeLeft UIInterfaceOrientationLandscapeRight";
				IPHONEOS_DEPLOYMENT_TARGET = 18.0;
				LD_RUNPATH_SEARCH_PATHS = "@executable_path/Frameworks";
				"LD_RUNPATH_SEARCH_PATHS[sdk=macosx*]" = "@executable_path/../Frameworks";
				MACOSX_DEPLOYMENT_TARGET = 15.0;
				MARKETING_VERSION = 24.0;
				PRODUCT_BUNDLE_IDENTIFIER = dev.flamingoapps.Christmasville;
				PRODUCT_NAME = "$(TARGET_NAME)";
				SDKROOT = auto;
				SUPPORTED_PLATFORMS = "iphoneos iphonesimulator xros xrsimulator";
				SUPPORTS_MACCATALYST = NO;
				SUPPORTS_MAC_DESIGNED_FOR_IPHONE_IPAD = YES;
				SUPPORTS_XR_DESIGNED_FOR_IPHONE_IPAD = NO;
				SWIFT_EMIT_LOC_STRINGS = YES;
				SWIFT_VERSION = 5.0;
				TARGETED_DEVICE_FAMILY = "1,2,7";
				XROS_DEPLOYMENT_TARGET = 2.0;
			};
			name = Release;
		};
		553F992E2A35133F00F7D4BD /* Debug */ = {
			isa = XCBuildConfiguration;
			buildSettings = {
				ALWAYS_EMBED_SWIFT_STANDARD_LIBRARIES = YES;
				BUNDLE_LOADER = "$(TEST_HOST)";
				CODE_SIGN_STYLE = Automatic;
				CURRENT_PROJECT_VERSION = 1;
				DEVELOPMENT_TEAM = 5V5PZUN2HG;
				GENERATE_INFOPLIST_FILE = YES;
				IPHONEOS_DEPLOYMENT_TARGET = 17.0;
				MACOSX_DEPLOYMENT_TARGET = 13.4;
				MARKETING_VERSION = 1.0;
				PRODUCT_BUNDLE_IDENTIFIER = dev.flamingoapps.ChristmasvilleTests;
				PRODUCT_NAME = "$(TARGET_NAME)";
				SDKROOT = auto;
				SUPPORTED_PLATFORMS = "iphoneos iphonesimulator macosx";
				SWIFT_EMIT_LOC_STRINGS = NO;
				SWIFT_VERSION = 5.0;
				TARGETED_DEVICE_FAMILY = "1,2";
				TEST_HOST = "$(BUILT_PRODUCTS_DIR)/Christmasville.app/$(BUNDLE_EXECUTABLE_FOLDER_PATH)/Christmasville";
			};
			name = Debug;
		};
		553F992F2A35133F00F7D4BD /* Release */ = {
			isa = XCBuildConfiguration;
			buildSettings = {
				ALWAYS_EMBED_SWIFT_STANDARD_LIBRARIES = YES;
				BUNDLE_LOADER = "$(TEST_HOST)";
				CODE_SIGN_STYLE = Automatic;
				CURRENT_PROJECT_VERSION = 1;
				DEVELOPMENT_TEAM = 5V5PZUN2HG;
				GENERATE_INFOPLIST_FILE = YES;
				IPHONEOS_DEPLOYMENT_TARGET = 17.0;
				MACOSX_DEPLOYMENT_TARGET = 13.4;
				MARKETING_VERSION = 1.0;
				PRODUCT_BUNDLE_IDENTIFIER = dev.flamingoapps.ChristmasvilleTests;
				PRODUCT_NAME = "$(TARGET_NAME)";
				SDKROOT = auto;
				SUPPORTED_PLATFORMS = "iphoneos iphonesimulator macosx";
				SWIFT_EMIT_LOC_STRINGS = NO;
				SWIFT_VERSION = 5.0;
				TARGETED_DEVICE_FAMILY = "1,2";
				TEST_HOST = "$(BUILT_PRODUCTS_DIR)/Christmasville.app/$(BUNDLE_EXECUTABLE_FOLDER_PATH)/Christmasville";
			};
			name = Release;
		};
		553F99312A35133F00F7D4BD /* Debug */ = {
			isa = XCBuildConfiguration;
			buildSettings = {
				ALWAYS_EMBED_SWIFT_STANDARD_LIBRARIES = YES;
				CODE_SIGN_STYLE = Automatic;
				CURRENT_PROJECT_VERSION = 1;
				DEVELOPMENT_TEAM = 5V5PZUN2HG;
				GENERATE_INFOPLIST_FILE = YES;
				IPHONEOS_DEPLOYMENT_TARGET = 17.0;
				MACOSX_DEPLOYMENT_TARGET = 13.4;
				MARKETING_VERSION = 1.0;
				PRODUCT_BUNDLE_IDENTIFIER = dev.flamingoapps.ChristmasvilleUITests;
				PRODUCT_NAME = "$(TARGET_NAME)";
				SDKROOT = auto;
				SUPPORTED_PLATFORMS = "iphoneos iphonesimulator macosx";
				SWIFT_EMIT_LOC_STRINGS = NO;
				SWIFT_VERSION = 5.0;
				TARGETED_DEVICE_FAMILY = "1,2";
				TEST_TARGET_NAME = Christmasville;
			};
			name = Debug;
		};
		553F99322A35133F00F7D4BD /* Release */ = {
			isa = XCBuildConfiguration;
			buildSettings = {
				ALWAYS_EMBED_SWIFT_STANDARD_LIBRARIES = YES;
				CODE_SIGN_STYLE = Automatic;
				CURRENT_PROJECT_VERSION = 1;
				DEVELOPMENT_TEAM = 5V5PZUN2HG;
				GENERATE_INFOPLIST_FILE = YES;
				IPHONEOS_DEPLOYMENT_TARGET = 17.0;
				MACOSX_DEPLOYMENT_TARGET = 13.4;
				MARKETING_VERSION = 1.0;
				PRODUCT_BUNDLE_IDENTIFIER = dev.flamingoapps.ChristmasvilleUITests;
				PRODUCT_NAME = "$(TARGET_NAME)";
				SDKROOT = auto;
				SUPPORTED_PLATFORMS = "iphoneos iphonesimulator macosx";
				SWIFT_EMIT_LOC_STRINGS = NO;
				SWIFT_VERSION = 5.0;
				TARGETED_DEVICE_FAMILY = "1,2";
				TEST_TARGET_NAME = Christmasville;
			};
			name = Release;
		};
/* End XCBuildConfiguration section */

/* Begin XCConfigurationList section */
		553F99002A35133E00F7D4BD /* Build configuration list for PBXProject "Christmasville" */ = {
			isa = XCConfigurationList;
			buildConfigurations = (
				553F99282A35133F00F7D4BD /* Debug */,
				553F99292A35133F00F7D4BD /* Release */,
			);
			defaultConfigurationIsVisible = 0;
			defaultConfigurationName = Release;
		};
		553F992A2A35133F00F7D4BD /* Build configuration list for PBXNativeTarget "Christmasville" */ = {
			isa = XCConfigurationList;
			buildConfigurations = (
				553F992B2A35133F00F7D4BD /* Debug */,
				553F992C2A35133F00F7D4BD /* Release */,
			);
			defaultConfigurationIsVisible = 0;
			defaultConfigurationName = Release;
		};
		553F992D2A35133F00F7D4BD /* Build configuration list for PBXNativeTarget "ChristmasvilleTests" */ = {
			isa = XCConfigurationList;
			buildConfigurations = (
				553F992E2A35133F00F7D4BD /* Debug */,
				553F992F2A35133F00F7D4BD /* Release */,
			);
			defaultConfigurationIsVisible = 0;
			defaultConfigurationName = Release;
		};
		553F99302A35133F00F7D4BD /* Build configuration list for PBXNativeTarget "ChristmasvilleUITests" */ = {
			isa = XCConfigurationList;
			buildConfigurations = (
				553F99312A35133F00F7D4BD /* Debug */,
				553F99322A35133F00F7D4BD /* Release */,
			);
			defaultConfigurationIsVisible = 0;
			defaultConfigurationName = Release;
		};
/* End XCConfigurationList section */

/* Begin XCRemoteSwiftPackageReference section */
		7F33B1B92BD9CD8D0011421E /* XCRemoteSwiftPackageReference "swift-markdown-ui" */ = {
			isa = XCRemoteSwiftPackageReference;
			repositoryURL = "https://github.com/gonzalezreal/swift-markdown-ui";
			requirement = {
				kind = upToNextMajorVersion;
				minimumVersion = 2.3.0;
			};
		};
		7F42900D2C5EDF3D000CBE37 /* XCRemoteSwiftPackageReference "purchases-ios-spm" */ = {
			isa = XCRemoteSwiftPackageReference;
			repositoryURL = "https://github.com/RevenueCat/purchases-ios-spm.git";
			requirement = {
				kind = upToNextMajorVersion;
				minimumVersion = 5.2.2;
			};
		};
		7F9EC5E32C572FCD006CDC4D /* XCRemoteSwiftPackageReference "firebase-ios-sdk" */ = {
			isa = XCRemoteSwiftPackageReference;
			repositoryURL = "https://github.com/firebase/firebase-ios-sdk";
			requirement = {
				kind = upToNextMinorVersion;
				minimumVersion = 10.29.0;
			};
		};
/* End XCRemoteSwiftPackageReference section */

/* Begin XCSwiftPackageProductDependency section */
		7F42900E2C5EDF3D000CBE37 /* RevenueCat */ = {
			isa = XCSwiftPackageProductDependency;
			package = 7F42900D2C5EDF3D000CBE37 /* XCRemoteSwiftPackageReference "purchases-ios-spm" */;
			productName = RevenueCat;
		};
		7F4290102C5EDF3D000CBE37 /* RevenueCatUI */ = {
			isa = XCSwiftPackageProductDependency;
			package = 7F42900D2C5EDF3D000CBE37 /* XCRemoteSwiftPackageReference "purchases-ios-spm" */;
			productName = RevenueCatUI;
		};
		7F9EC5E42C572FCD006CDC4D /* FirebaseAnalytics */ = {
			isa = XCSwiftPackageProductDependency;
			package = 7F9EC5E32C572FCD006CDC4D /* XCRemoteSwiftPackageReference "firebase-ios-sdk" */;
			productName = FirebaseAnalytics;
		};
		7F9EC5E62C572FCD006CDC4D /* FirebaseAppCheck */ = {
			isa = XCSwiftPackageProductDependency;
			package = 7F9EC5E32C572FCD006CDC4D /* XCRemoteSwiftPackageReference "firebase-ios-sdk" */;
			productName = FirebaseAppCheck;
		};
		7F9EC5E82C572FCD006CDC4D /* FirebaseCrashlytics */ = {
			isa = XCSwiftPackageProductDependency;
			package = 7F9EC5E32C572FCD006CDC4D /* XCRemoteSwiftPackageReference "firebase-ios-sdk" */;
			productName = FirebaseCrashlytics;
		};
		7F9EC5EA2C572FCD006CDC4D /* FirebaseVertexAI-Preview */ = {
			isa = XCSwiftPackageProductDependency;
			package = 7F9EC5E32C572FCD006CDC4D /* XCRemoteSwiftPackageReference "firebase-ios-sdk" */;
			productName = "FirebaseVertexAI-Preview";
		};
/* End XCSwiftPackageProductDependency section */
	};
	rootObject = 553F98FD2A35133E00F7D4BD /* Project object */;
}
